
Microsoft Visual Studio Solution File, Format Version 12.00
# Visual Studio Version 17
VisualStudioVersion = 17.14.36310.24
MinimumVisualStudioVersion = 10.0.40219.1
Project("{2150E333-8FDC-42A3-9474-1A3956D46DE8}") = "Src", "Src", "{02EA681E-C7D8-13C7-8484-4AC65E1B71E8}"
EndProject
Project("{2150E333-8FDC-42A3-9474-1A3956D46DE8}") = "Api", "Api", "{E53F1E5F-5FBE-4CEC-BE85-8999B8EBFE23}"
EndProject
Project("{2150E333-8FDC-42A3-9474-1A3956D46DE8}") = "Core", "Core", "{9E55D271-6031-4B3E-8847-B3461465075C}"
EndProject
Project("{2150E333-8FDC-42A3-9474-1A3956D46DE8}") = "Infrastructure", "Infrastructure", "{27C187C9-246A-4547-B42E-545250C2B7DA}"
EndProject
Project("{FAE04EC0-301F-11D3-BF4B-00C04F79EFBC}") = "G_Task.AdminPanelWebApi", "G_Task.AdminPanelWebApi\G_Task.AdminPanelWebApi.csproj", "{A2A3B717-C830-4463-8F88-A827BDCBA62C}"
EndProject
Project("{FAE04EC0-301F-11D3-BF4B-00C04F79EFBC}") = "G_Task.WebApi", "G_Task.WebApi\G_Task.WebApi.csproj", "{E6D25140-975E-4289-963B-87192076FD68}"
EndProject
Project("{FAE04EC0-301F-11D3-BF4B-00C04F79EFBC}") = "G_Task.Common", "G_Task.Common\G_Task.Common.csproj", "{3E9BACB1-1700-4036-80B5-3707F3A47B7F}"
EndProject
Project("{FAE04EC0-301F-11D3-BF4B-00C04F79EFBC}") = "G_Task.Application", "G_Task.Application\G_Task.Application.csproj", "{4B33A47A-26BD-4EB8-949A-F07A6A35E1B6}"
EndProject
Project("{FAE04EC0-301F-11D3-BF4B-00C04F79EFBC}") = "G_Task.Infrastructure", "G_Task.Infrastructure\G_Task.Infrastructure.csproj", "{22C61688-171A-4200-A5AA-114E4A565637}"
EndProject
Project("{FAE04EC0-301F-11D3-BF4B-00C04F79EFBC}") = "G_Task.Persistence", "G_Task.Persistence\G_Task.Persistence.csproj", "{F836D2EA-49CB-4D58-9254-6501A5BBAEFA}"
EndProject
Project("{FAE04EC0-301F-11D3-BF4B-00C04F79EFBC}") = "G_Task.Domain", "G_Task.Domain\G_Task.Domain.csproj", "{2F43D6D7-F3C0-4A6F-9D03-B7CCCD05EC6D}"
EndProject
Global
	GlobalSection(SolutionConfigurationPlatforms) = preSolution
		Debug|Any CPU = Debug|Any CPU
		Release|Any CPU = Release|Any CPU
	EndGlobalSection
	GlobalSection(ProjectConfigurationPlatforms) = postSolution
		{A2A3B717-C830-4463-8F88-A827BDCBA62C}.Debug|Any CPU.ActiveCfg = Debug|Any CPU
		{A2A3B717-C830-4463-8F88-A827BDCBA62C}.Debug|Any CPU.Build.0 = Debug|Any CPU
		{A2A3B717-C830-4463-8F88-A827BDCBA62C}.Release|Any CPU.ActiveCfg = Release|Any CPU
		{A2A3B717-C830-4463-8F88-A827BDCBA62C}.Release|Any CPU.Build.0 = Release|Any CPU
		{E6D25140-975E-4289-963B-87192076FD68}.Debug|Any CPU.ActiveCfg = Debug|Any CPU
		{E6D25140-975E-4289-963B-87192076FD68}.Debug|Any CPU.Build.0 = Debug|Any CPU
		{E6D25140-975E-4289-963B-87192076FD68}.Release|Any CPU.ActiveCfg = Release|Any CPU
		{E6D25140-975E-4289-963B-87192076FD68}.Release|Any CPU.Build.0 = Release|Any CPU
		{3E9BACB1-1700-4036-80B5-3707F3A47B7F}.Debug|Any CPU.ActiveCfg = Debug|Any CPU
		{3E9BACB1-1700-4036-80B5-3707F3A47B7F}.Debug|Any CPU.Build.0 = Debug|Any CPU
		{3E9BACB1-1700-4036-80B5-3707F3A47B7F}.Release|Any CPU.ActiveCfg = Release|Any CPU
		{3E9BACB1-1700-4036-80B5-3707F3A47B7F}.Release|Any CPU.Build.0 = Release|Any CPU
		{4B33A47A-26BD-4EB8-949A-F07A6A35E1B6}.Debug|Any CPU.ActiveCfg = Debug|Any CPU
		{4B33A47A-26BD-4EB8-949A-F07A6A35E1B6}.Debug|Any CPU.Build.0 = Debug|Any CPU
		{4B33A47A-26BD-4EB8-949A-F07A6A35E1B6}.Release|Any CPU.ActiveCfg = Release|Any CPU
		{4B33A47A-26BD-4EB8-949A-F07A6A35E1B6}.Release|Any CPU.Build.0 = Release|Any CPU
		{22C61688-171A-4200-A5AA-114E4A565637}.Debug|Any CPU.ActiveCfg = Debug|Any CPU
		{22C61688-171A-4200-A5AA-114E4A565637}.Debug|Any CPU.Build.0 = Debug|Any CPU
		{22C61688-171A-4200-A5AA-114E4A565637}.Release|Any CPU.ActiveCfg = Release|Any CPU
		{22C61688-171A-4200-A5AA-114E4A565637}.Release|Any CPU.Build.0 = Release|Any CPU
		{F836D2EA-49CB-4D58-9254-6501A5BBAEFA}.Debug|Any CPU.ActiveCfg = Debug|Any CPU
		{F836D2EA-49CB-4D58-9254-6501A5BBAEFA}.Debug|Any CPU.Build.0 = Debug|Any CPU
		{F836D2EA-49CB-4D58-9254-6501A5BBAEFA}.Release|Any CPU.ActiveCfg = Release|Any CPU
		{F836D2EA-49CB-4D58-9254-6501A5BBAEFA}.Release|Any CPU.Build.0 = Release|Any CPU
		{2F43D6D7-F3C0-4A6F-9D03-B7CCCD05EC6D}.Debug|Any CPU.ActiveCfg = Debug|Any CPU
		{2F43D6D7-F3C0-4A6F-9D03-B7CCCD05EC6D}.Debug|Any CPU.Build.0 = Debug|Any CPU
		{2F43D6D7-F3C0-4A6F-9D03-B7CCCD05EC6D}.Release|Any CPU.ActiveCfg = Release|Any CPU
		{2F43D6D7-F3C0-4A6F-9D03-B7CCCD05EC6D}.Release|Any CPU.Build.0 = Release|Any CPU
	EndGlobalSection
	GlobalSection(SolutionProperties) = preSolution
		HideSolutionNode = FALSE
	EndGlobalSection
	GlobalSection(NestedProjects) = preSolution
		{E53F1E5F-5FBE-4CEC-BE85-8999B8EBFE23} = {02EA681E-C7D8-13C7-8484-4AC65E1B71E8}
		{9E55D271-6031-4B3E-8847-B3461465075C} = {02EA681E-C7D8-13C7-8484-4AC65E1B71E8}
		{27C187C9-246A-4547-B42E-545250C2B7DA} = {02EA681E-C7D8-13C7-8484-4AC65E1B71E8}
		{A2A3B717-C830-4463-8F88-A827BDCBA62C} = {E53F1E5F-5FBE-4CEC-BE85-8999B8EBFE23}
		{E6D25140-975E-4289-963B-87192076FD68} = {E53F1E5F-5FBE-4CEC-BE85-8999B8EBFE23}
		{3E9BACB1-1700-4036-80B5-3707F3A47B7F} = {9E55D271-6031-4B3E-8847-B3461465075C}
		{4B33A47A-26BD-4EB8-949A-F07A6A35E1B6} = {9E55D271-6031-4B3E-8847-B3461465075C}
		{22C61688-171A-4200-A5AA-114E4A565637} = {27C187C9-246A-4547-B42E-545250C2B7DA}
		{F836D2EA-49CB-4D58-9254-6501A5BBAEFA} = {27C187C9-246A-4547-B42E-545250C2B7DA}
		{2F43D6D7-F3C0-4A6F-9D03-B7CCCD05EC6D} = {9E55D271-6031-4B3E-8847-B3461465075C}
	EndGlobalSection
	GlobalSection(ExtensibilityGlobals) = postSolution
		SolutionGuid = {7B202030-F6EF-4DD2-9D09-04414F479166}
	EndGlobalSection
EndGlobal
